
Microsoft Visual Studio Solution File, Format Version 12.00
# Visual Studio Version 16
VisualStudioVersion = 16.0.30804.86
MinimumVisualStudioVersion = 10.0.40219.1
Project("{FAE04EC0-301F-11D3-BF4B-00C04F79EFBC}") = "HELLOWORLD", "HELLOWORLD\HELLOWORLD.csproj", "{98899647-AD6D-41FC-AF5B-C8DF40389BF5}"
EndProject
Global
	GlobalSection(SolutionConfigurationPlatforms) = preSolution
		Debug|Any CPU = Debug|Any CPU
		Release|Any CPU = Release|Any CPU
	EndGlobalSection
	GlobalSection(ProjectConfigurationPlatforms) = postSolution
		{98899647-AD6D-41FC-AF5B-C8DF40389BF5}.Debug|Any CPU.ActiveCfg = Debug|Any CPU
		{98899647-AD6D-41FC-AF5B-C8DF40389BF5}.Debug|Any CPU.Build.0 = Debug|Any CPU
		{98899647-AD6D-41FC-AF5B-C8DF40389BF5}.Release|Any CPU.ActiveCfg = Release|Any CPU
		{98899647-AD6D-41FC-AF5B-C8DF40389BF5}.Release|Any CPU.Build.0 = Release|Any CPU
	EndGlobalSection
	GlobalSection(SolutionProperties) = preSolution
		HideSolutionNode = FALSE
	EndGlobalSection
	GlobalSection(ExtensibilityGlobals) = postSolution
		SolutionGuid = {C5F662C8-5A61-4610-9C35-B755CEBB84A2}
	EndGlobalSection
EndGlobal
